
Microsoft Visual Studio Solution File, Format Version 12.00
# Visual Studio Version 16
VisualStudioVersion = 16.0.29806.167
MinimumVisualStudioVersion = 10.0.40219.1
Project("{8BC9CEB8-8B4A-11D0-8D11-00A0C91BC942}") = "CPPDataStructures", "CPPDataStructures\CPPDataStructures.vcxproj", "{4EE1238F-0F05-473A-8ED6-32F5D889F3A7}"
EndProject
Project("{8BC9CEB8-8B4A-11D0-8D11-00A0C91BC942}") = "laboratory_works", "laboratory_works\laboratory_works.vcxproj", "{F5B10B53-8291-47FD-9103-62C251CCFEED}"
	ProjectSection(ProjectDependencies) = postProject
		{CD8EF814-C2BD-42B0-9C9F-354384B3A151} = {CD8EF814-C2BD-42B0-9C9F-354384B3A151}
		{49024A7F-616D-4D0A-B670-077CADF8E6A4} = {49024A7F-616D-4D0A-B670-077CADF8E6A4}
		{4EE1238F-0F05-473A-8ED6-32F5D889F3A7} = {4EE1238F-0F05-473A-8ED6-32F5D889F3A7}
	EndProjectSection
EndProject
Project("{8BC9CEB8-8B4A-11D0-8D11-00A0C91BC942}") = "slist_llist_cllist", "slist_llist_cllist\slist_llist_cllist.vcxproj", "{CD8EF814-C2BD-42B0-9C9F-354384B3A151}"
EndProject
Project("{8BC9CEB8-8B4A-11D0-8D11-00A0C91BC942}") = "stack_queue_deque", "stack_queue_deque\stack_queue_deque.vcxproj", "{49024A7F-616D-4D0A-B670-077CADF8E6A4}"
EndProject
Global
	GlobalSection(SolutionConfigurationPlatforms) = preSolution
		Debug|x64 = Debug|x64
		Debug|x86 = Debug|x86
		Release|x64 = Release|x64
		Release|x86 = Release|x86
	EndGlobalSection
	GlobalSection(ProjectConfigurationPlatforms) = postSolution
		{4EE1238F-0F05-473A-8ED6-32F5D889F3A7}.Debug|x64.ActiveCfg = Debug|x64
		{4EE1238F-0F05-473A-8ED6-32F5D889F3A7}.Debug|x64.Build.0 = Debug|x64
		{4EE1238F-0F05-473A-8ED6-32F5D889F3A7}.Debug|x86.ActiveCfg = Debug|Win32
		{4EE1238F-0F05-473A-8ED6-32F5D889F3A7}.Debug|x86.Build.0 = Debug|Win32
		{4EE1238F-0F05-473A-8ED6-32F5D889F3A7}.Release|x64.ActiveCfg = Release|x64
		{4EE1238F-0F05-473A-8ED6-32F5D889F3A7}.Release|x64.Build.0 = Release|x64
		{4EE1238F-0F05-473A-8ED6-32F5D889F3A7}.Release|x86.ActiveCfg = Release|Win32
		{4EE1238F-0F05-473A-8ED6-32F5D889F3A7}.Release|x86.Build.0 = Release|Win32
		{F5B10B53-8291-47FD-9103-62C251CCFEED}.Debug|x64.ActiveCfg = Debug|x64
		{F5B10B53-8291-47FD-9103-62C251CCFEED}.Debug|x64.Build.0 = Debug|x64
		{F5B10B53-8291-47FD-9103-62C251CCFEED}.Debug|x86.ActiveCfg = Debug|Win32
		{F5B10B53-8291-47FD-9103-62C251CCFEED}.Debug|x86.Build.0 = Debug|Win32
		{F5B10B53-8291-47FD-9103-62C251CCFEED}.Release|x64.ActiveCfg = Release|x64
		{F5B10B53-8291-47FD-9103-62C251CCFEED}.Release|x64.Build.0 = Release|x64
		{F5B10B53-8291-47FD-9103-62C251CCFEED}.Release|x86.ActiveCfg = Release|Win32
		{F5B10B53-8291-47FD-9103-62C251CCFEED}.Release|x86.Build.0 = Release|Win32
		{CD8EF814-C2BD-42B0-9C9F-354384B3A151}.Debug|x64.ActiveCfg = Debug|x64
		{CD8EF814-C2BD-42B0-9C9F-354384B3A151}.Debug|x64.Build.0 = Debug|x64
		{CD8EF814-C2BD-42B0-9C9F-354384B3A151}.Debug|x86.ActiveCfg = Debug|Win32
		{CD8EF814-C2BD-42B0-9C9F-354384B3A151}.Debug|x86.Build.0 = Debug|Win32
		{CD8EF814-C2BD-42B0-9C9F-354384B3A151}.Release|x64.ActiveCfg = Release|x64
		{CD8EF814-C2BD-42B0-9C9F-354384B3A151}.Release|x64.Build.0 = Release|x64
		{CD8EF814-C2BD-42B0-9C9F-354384B3A151}.Release|x86.ActiveCfg = Release|Win32
		{CD8EF814-C2BD-42B0-9C9F-354384B3A151}.Release|x86.Build.0 = Release|Win32
		{49024A7F-616D-4D0A-B670-077CADF8E6A4}.Debug|x64.ActiveCfg = Debug|x64
		{49024A7F-616D-4D0A-B670-077CADF8E6A4}.Debug|x64.Build.0 = Debug|x64
		{49024A7F-616D-4D0A-B670-077CADF8E6A4}.Debug|x86.ActiveCfg = Debug|Win32
		{49024A7F-616D-4D0A-B670-077CADF8E6A4}.Debug|x86.Build.0 = Debug|Win32
		{49024A7F-616D-4D0A-B670-077CADF8E6A4}.Release|x64.ActiveCfg = Release|x64
		{49024A7F-616D-4D0A-B670-077CADF8E6A4}.Release|x64.Build.0 = Release|x64
		{49024A7F-616D-4D0A-B670-077CADF8E6A4}.Release|x86.ActiveCfg = Release|Win32
		{49024A7F-616D-4D0A-B670-077CADF8E6A4}.Release|x86.Build.0 = Release|Win32
	EndGlobalSection
	GlobalSection(SolutionProperties) = preSolution
		HideSolutionNode = FALSE
	EndGlobalSection
	GlobalSection(ExtensibilityGlobals) = postSolution
		SolutionGuid = {388037DA-653F-4613-AC20-478487658166}
	EndGlobalSection
EndGlobal
